// !$*UTF8*$!
{
	archiveVersion = 1;
	classes = {
	};
	objectVersion = 48;
	objects = {

/* Begin PBXBuildFile section */
		0EC315C22029B35F004DE95A /* AppDelegate.swift in Sources */ = {isa = PBXBuildFile; fileRef = 0EC315C12029B35F004DE95A /* AppDelegate.swift */; };
		0EC315C42029B35F004DE95A /* TodoViewController.swift in Sources */ = {isa = PBXBuildFile; fileRef = 0EC315C32029B35F004DE95A /* TodoViewController.swift */; };
		0EC315C72029B35F004DE95A /* Main.storyboard in Resources */ = {isa = PBXBuildFile; fileRef = 0EC315C52029B35F004DE95A /* Main.storyboard */; };
		0EC315C92029B35F004DE95A /* Assets.xcassets in Resources */ = {isa = PBXBuildFile; fileRef = 0EC315C82029B35F004DE95A /* Assets.xcassets */; };
		0EC315CC2029B35F004DE95A /* LaunchScreen.storyboard in Resources */ = {isa = PBXBuildFile; fileRef = 0EC315CA2029B35F004DE95A /* LaunchScreen.storyboard */; };
		0EC315D42029B807004DE95A /* todoListModel.swift in Sources */ = {isa = PBXBuildFile; fileRef = 0EC315D32029B807004DE95A /* todoListModel.swift */; };
/* End PBXBuildFile section */

/* Begin PBXFileReference section */
		0EC315BE2029B35F004DE95A /* yehoshuaTaskList.app */ = {isa = PBXFileReference; explicitFileType = wrapper.application; includeInIndex = 0; path = yehoshuaTaskList.app; sourceTree = BUILT_PRODUCTS_DIR; };
		0EC315C12029B35F004DE95A /* AppDelegate.swift */ = {isa = PBXFileReference; lastKnownFileType = sourcecode.swift; path = AppDelegate.swift; sourceTree = "<group>"; };
		0EC315C32029B35F004DE95A /* TodoViewController.swift */ = {isa = PBXFileReference; lastKnownFileType = sourcecode.swift; path = TodoViewController.swift; sourceTree = "<group>"; };
		0EC315C62029B35F004DE95A /* Base */ = {isa = PBXFileReference; lastKnownFileType = file.storyboard; name = Base; path = Base.lproj/Main.storyboard; sourceTree = "<group>"; };
		0EC315C82029B35F004DE95A /* Assets.xcassets */ = {isa = PBXFileReference; lastKnownFileType = folder.assetcatalog; path = Assets.xcassets; sourceTree = "<group>"; };
		0EC315CB2029B35F004DE95A /* Base */ = {isa = PBXFileReference; lastKnownFileType = file.storyboard; name = Base; path = Base.lproj/LaunchScreen.storyboard; sourceTree = "<group>"; };
		0EC315CD2029B35F004DE95A /* Info.plist */ = {isa = PBXFileReference; lastKnownFileType = text.plist.xml; path = Info.plist; sourceTree = "<group>"; };
		0EC315D32029B807004DE95A /* todoListModel.swift */ = {isa = PBXFileReference; lastKnownFileType = sourcecode.swift; path = todoListModel.swift; sourceTree = "<group>"; };
/* End PBXFileReference section */

/* Begin PBXFrameworksBuildPhase section */
		0EC315BB2029B35F004DE95A /* Frameworks */ = {
			isa = PBXFrameworksBuildPhase;
			buildActionMask = 2147483647;
			files = (
			);
			runOnlyForDeploymentPostprocessing = 0;
		};
/* End PBXFrameworksBuildPhase section */

/* Begin PBXGroup section */
		0EC315B52029B35F004DE95A = {
			isa = PBXGroup;
			children = (
				0EC315C02029B35F004DE95A /* yehoshuaTaskList */,
				0EC315BF2029B35F004DE95A /* Products */,
			);
			sourceTree = "<group>";
		};
		0EC315BF2029B35F004DE95A /* Products */ = {
			isa = PBXGroup;
			children = (
				0EC315BE2029B35F004DE95A /* yehoshuaTaskList.app */,
			);
			name = Products;
			sourceTree = "<group>";
		};
		0EC315C02029B35F004DE95A /* yehoshuaTaskList */ = {
			isa = PBXGroup;
			children = (
				0EC315C12029B35F004DE95A /* AppDelegate.swift */,
				0EC315C32029B35F004DE95A /* TodoViewController.swift */,
				0EC315C52029B35F004DE95A /* Main.storyboard */,
				0EC315C82029B35F004DE95A /* Assets.xcassets */,
				0EC315CA2029B35F004DE95A /* LaunchScreen.storyboard */,
				0EC315CD2029B35F004DE95A /* Info.plist */,
				0EC315D32029B807004DE95A /* todoListModel.swift */,
			);
			path = yehoshuaTaskList;
			sourceTree = "<group>";
		};
/* End PBXGroup section */

/* Begin PBXNativeTarget section */
		0EC315BD2029B35F004DE95A /* yehoshuaTaskList */ = {
			isa = PBXNativeTarget;
			buildConfigurationList = 0EC315D02029B35F004DE95A /* Build configuration list for PBXNativeTarget "yehoshuaTaskList" */;
			buildPhases = (
				0EC315BA2029B35F004DE95A /* Sources */,
				0EC315BB2029B35F004DE95A /* Frameworks */,
				0EC315BC2029B35F004DE95A /* Resources */,
			);
			buildRules = (
			);
			dependencies = (
			);
			name = yehoshuaTaskList;
			productName = yehoshuaTaskList;
			productReference = 0EC315BE2029B35F004DE95A /* yehoshuaTaskList.app */;
			productType = "com.apple.product-type.application";
		};
/* End PBXNativeTarget section */

/* Begin PBXProject section */
		0EC315B62029B35F004DE95A /* Project object */ = {
			isa = PBXProject;
			attributes = {
				LastSwiftUpdateCheck = 0920;
				LastUpgradeCheck = 0920;
				ORGANIZATIONNAME = "Yehoshua Nagel";
				TargetAttributes = {
					0EC315BD2029B35F004DE95A = {
						CreatedOnToolsVersion = 9.2;
						ProvisioningStyle = Automatic;
					};
				};
			};
			buildConfigurationList = 0EC315B92029B35F004DE95A /* Build configuration list for PBXProject "yehoshuaTaskList" */;
			compatibilityVersion = "Xcode 8.0";
			developmentRegion = en;
			hasScannedForEncodings = 0;
			knownRegions = (
				en,
				Base,
			);
			mainGroup = 0EC315B52029B35F004DE95A;
			productRefGroup = 0EC315BF2029B35F004DE95A /* Products */;
			projectDirPath = "";
			projectRoot = "";
			targets = (
				0EC315BD2029B35F004DE95A /* yehoshuaTaskList */,
			);
		};
/* End PBXProject section */

/* Begin PBXResourcesBuildPhase section */
		0EC315BC2029B35F004DE95A /* Resources */ = {
			isa = PBXResourcesBuildPhase;
			buildActionMask = 2147483647;
			files = (
				0EC315CC2029B35F004DE95A /* LaunchScreen.storyboard in Resources */,
				0EC315C92029B35F004DE95A /* Assets.xcassets in Resources */,
				0EC315C72029B35F004DE95A /* Main.storyboard in Resources */,
			);
			runOnlyForDeploymentPostprocessing = 0;
		};
/* End PBXResourcesBuildPhase section */

/* Begin PBXSourcesBuildPhase section */
		0EC315BA2029B35F004DE95A /* Sources */ = {
			isa = PBXSourcesBuildPhase;
			buildActionMask = 2147483647;
			files = (
				0EC315C42029B35F004DE95A /* TodoViewController.swift in Sources */,
				0EC315D42029B807004DE95A /* todoListModel.swift in Sources */,
				0EC315C22029B35F004DE95A /* AppDelegate.swift in Sources */,
			);
			runOnlyForDeploymentPostprocessing = 0;
		};
/* End PBXSourcesBuildPhase section */

/* Begin PBXVariantGroup section */
		0EC315C52029B35F004DE95A /* Main.storyboard */ = {
			isa = PBXVariantGroup;
			children = (
				0EC315C62029B35F004DE95A /* Base */,
			);
			name = Main.storyboard;
			sourceTree = "<group>";
		};
		0EC315CA2029B35F004DE95A /* LaunchScreen.storyboard */ = {
			isa = PBXVariantGroup;
			children = (
				0EC315CB2029B35F004DE95A /* Base */,
			);
			name = LaunchScreen.storyboard;
			sourceTree = "<group>";
		};
/* End PBXVariantGroup section */

/* Begin XCBuildConfiguration section */
		0EC315CE2029B35F004DE95A /* Debug */ = {
			isa = XCBuildConfiguration;
			buildSettings = {
				ALWAYS_SEARCH_USER_PATHS = NO;
				CLANG_ANALYZER_NONNULL = YES;
				CLANG_ANALYZER_NUMBER_OBJECT_CONVERSION = YES_AGGRESSIVE;
				CLANG_CXX_LANGUAGE_STANDARD = "gnu++14";
				CLANG_CXX_LIBRARY = "libc++";
				CLANG_ENABLE_MODULES = YES;
				CLANG_ENABLE_OBJC_ARC = YES;
				CLANG_WARN_BLOCK_CAPTURE_AUTORELEASING = YES;
				CLANG_WARN_BOOL_CONVERSION = YES;
				CLANG_WARN_COMMA = YES;
				CLANG_WARN_CONSTANT_CONVERSION = YES;
				CLANG_WARN_DIRECT_OBJC_ISA_USAGE = YES_ERROR;
				CLANG_WARN_DOCUMENTATION_COMMENTS = YES;
				CLANG_WARN_EMPTY_BODY = YES;
				CLANG_WARN_ENUM_CONVERSION = YES;
				CLANG_WARN_INFINITE_RECURSION = YES;
				CLANG_WARN_INT_CONVERSION = YES;
				CLANG_WARN_NON_LITERAL_NULL_CONVERSION = YES;
				CLANG_WARN_OBJC_LITERAL_CONVERSION = YES;
				CLANG_WARN_OBJC_ROOT_CLASS = YES_ERROR;
				CLANG_WARN_RANGE_LOOP_ANALYSIS = YES;
				CLANG_WARN_STRICT_PROTOTYPES = YES;
				CLANG_WARN_SUSPICIOUS_MOVE = YES;
				CLANG_WARN_UNGUARDED_AVAILABILITY = YES_AGGRESSIVE;
				CLANG_WARN_UNREACHABLE_CODE = YES;
				CLANG_WARN__DUPLICATE_METHOD_MATCH = YES;
				CODE_SIGN_IDENTITY = "iPhone Developer";
				COPY_PHASE_STRIP = NO;
				DEBUG_INFORMATION_FORMAT = dwarf;
				ENABLE_STRICT_OBJC_MSGSEND = YES;
				ENABLE_TESTABILITY = YES;
				GCC_C_LANGUAGE_STANDARD = gnu11;
				GCC_DYNAMIC_NO_PIC = NO;
				GCC_NO_COMMON_BLOCKS = YES;
				GCC_OPTIMIZATION_LEVEL = 0;
				GCC_PREPROCESSOR_DEFINITIONS = (
					"DEBUG=1",
					"$(inherited)",
				);
				GCC_WARN_64_TO_32_BIT_CONVERSION = YES;
				GCC_WARN_ABOUT_RETURN_TYPE = YES_ERROR;
				GCC_WARN_UNDECLARED_SELECTOR = YES;
				GCC_WARN_UNINITIALIZED_AUTOS = YES_AGGRESSIVE;
				GCC_WARN_UNUSED_FUNCTION = YES;
				GCC_WARN_UNUSED_VARIABLE = YES;
				IPHONEOS_DEPLOYMENT_TARGET = 11.2;
				MTL_ENABLE_DEBUG_INFO = YES;
				ONLY_ACTIVE_ARCH = YES;
				SDKROOT = iphoneos;
				SWIFT_ACTIVE_COMPILATION_CONDITIONS = DEBUG;
				SWIFT_OPTIMIZATION_LEVEL = "-Onone";
			};
			name = Debug;
		};
		0EC315CF2029B35F004DE95A /* Release */ = {
			isa = XCBuildConfiguration;
			buildSettings = {
				ALWAYS_SEARCH_USER_PATHS = NO;
				CLANG_ANALYZER_NONNULL = YES;
				CLANG_ANALYZER_NUMBER_OBJECT_CONVERSION = YES_AGGRESSIVE;
				CLANG_CXX_LANGUAGE_STANDARD = "gnu++14";
				CLANG_CXX_LIBRARY = "libc++";
				CLANG_ENABLE_MODULES = YES;
				CLANG_ENABLE_OBJC_ARC = YES;
				CLANG_WARN_BLOCK_CAPTURE_AUTORELEASING = YES;
				CLANG_WARN_BOOL_CONVERSION = YES;
				CLANG_WARN_COMMA = YES;
				CLANG_WARN_CONSTANT_CONVERSION = YES;
				CLANG_WARN_DIRECT_OBJC_ISA_USAGE = YES_ERROR;
				CLANG_WARN_DOCUMENTATION_COMMENTS = YES;
				CLANG_WARN_EMPTY_BODY = YES;
				CLANG_WARN_ENUM_CONVERSION = YES;
				CLANG_WARN_INFINITE_RECURSION = YES;
				CLANG_WARN_INT_CONVERSION = YES;
				CLANG_WARN_NON_LITERAL_NULL_CONVERSION = YES;
				CLANG_WARN_OBJC_LITERAL_CONVERSION = YES;
				CLANG_WARN_OBJC_ROOT_CLASS = YES_ERROR;
				CLANG_WARN_RANGE_LOOP_ANALYSIS = YES;
				CLANG_WARN_STRICT_PROTOTYPES = YES;
				CLANG_WARN_SUSPICIOUS_MOVE = YES;
				CLANG_WARN_UNGUARDED_AVAILABILITY = YES_AGGRESSIVE;
				CLANG_WARN_UNREACHABLE_CODE = YES;
				CLANG_WARN__DUPLICATE_METHOD_MATCH = YES;
				CODE_SIGN_IDENTITY = "iPhone Developer";
				COPY_PHASE_STRIP = NO;
				DEBUG_INFORMATION_FORMAT = "dwarf-with-dsym";
				ENABLE_NS_ASSERTIONS = NO;
				ENABLE_STRICT_OBJC_MSGSEND = YES;
				GCC_C_LANGUAGE_STANDARD = gnu11;
				GCC_NO_COMMON_BLOCKS = YES;
				GCC_WARN_64_TO_32_BIT_CONVERSION = YES;
				GCC_WARN_ABOUT_RETURN_TYPE = YES_ERROR;
				GCC_WARN_UNDECLARED_SELECTOR = YES;
				GCC_WARN_UNINITIALIZED_AUTOS = YES_AGGRESSIVE;
				GCC_WARN_UNUSED_FUNCTION = YES;
				GCC_WARN_UNUSED_VARIABLE = YES;
				IPHONEOS_DEPLOYMENT_TARGET = 11.2;
				MTL_ENABLE_DEBUG_INFO = NO;
				SDKROOT = iphoneos;
				SWIFT_OPTIMIZATION_LEVEL = "-Owholemodule";
				VALIDATE_PRODUCT = YES;
			};
			name = Release;
		};
		0EC315D12029B35F004DE95A /* Debug */ = {
			isa = XCBuildConfiguration;
			buildSettings = {
				ASSETCATALOG_COMPILER_APPICON_NAME = AppIcon;
				CODE_SIGN_STYLE = Automatic;
				DEVELOPMENT_TEAM = XS8529D87H;
				INFOPLIST_FILE = yehoshuaTaskList/Info.plist;
				IPHONEOS_DEPLOYMENT_TARGET = 11.0;
				LD_RUNPATH_SEARCH_PATHS = "$(inherited) @executable_path/Frameworks";
				PRODUCT_BUNDLE_IDENTIFIER = yehoshua.yehoshuaTaskList;
				PRODUCT_NAME = "$(TARGET_NAME)";
				SWIFT_VERSION = 4.0;
				TARGETED_DEVICE_FAMILY = "1,2";
			};
			name = Debug;
		};
		0EC315D22029B35F004DE95A /* Release */ = {
			isa = XCBuildConfiguration;
			buildSettings = {
				ASSETCATALOG_COMPILER_APPICON_NAME = AppIcon;
				CODE_SIGN_STYLE = Automatic;
				DEVELOPMENT_TEAM = XS8529D87H;
				INFOPLIST_FILE = yehoshuaTaskList/Info.plist;
				IPHONEOS_DEPLOYMENT_TARGET = 11.0;
				LD_RUNPATH_SEARCH_PATHS = "$(inherited) @executable_path/Frameworks";
				PRODUCT_BUNDLE_IDENTIFIER = yehoshua.yehoshuaTaskList;
				PRODUCT_NAME = "$(TARGET_NAME)";
				SWIFT_VERSION = 4.0;
				TARGETED_DEVICE_FAMILY = "1,2";
			};
			name = Release;
		};
/* End XCBuildConfiguration section */

/* Begin XCConfigurationList section */
		0EC315B92029B35F004DE95A /* Build configuration list for PBXProject "yehoshuaTaskList" */ = {
			isa = XCConfigurationList;
			buildConfigurations = (
				0EC315CE2029B35F004DE95A /* Debug */,
				0EC315CF2029B35F004DE95A /* Release */,
			);
			defaultConfigurationIsVisible = 0;
			defaultConfigurationName = Release;
		};
		0EC315D02029B35F004DE95A /* Build configuration list for PBXNativeTarget "yehoshuaTaskList" */ = {
			isa = XCConfigurationList;
			buildConfigurations = (
				0EC315D12029B35F004DE95A /* Debug */,
				0EC315D22029B35F004DE95A /* Release */,
			);
			defaultConfigurationIsVisible = 0;
			defaultConfigurationName = Release;
		};
/* End XCConfigurationList section */
	};
	rootObject = 0EC315B62029B35F004DE95A /* Project object */;
}
